<?xml version="1.0" encoding="utf-8"?>
<Project ToolsVersion="4.0" xmlns="http://schemas.microsoft.com/developer/msbuild/2003">
  <ItemGroup>
    <Filter Include="PCH">
      <UniqueIdentifier>{2010880B-8C19-887C-1595-9E7C819D937C}</UniqueIdentifier>
    </Filter>
  </ItemGroup>
  <ItemGroup>
    <ClInclude Include="src\PCH\Dstdafx.h">
      <Filter>PCH</Filter>
    </ClInclude>
    <ClInclude Include="src\EditorPanels\SceneView.h" />
    <ClInclude Include="src\EditorApp.h" />
    <ClInclude Include="src\EditorLayer.h" />
  </ItemGroup>
  <ItemGroup>
    <ClCompile Include="src\PCH\Dstdafx.cpp">
      <Filter>PCH</Filter>
    </ClCompile>
    <ClCompile Include="src\Source.cpp" />
    <ClCompile Include="src\EditorApp.cpp" />
    <ClCompile Include="src\EditorLayer.cpp" />
  </ItemGroup>
</Project>