<?xml version="1.0" encoding="utf-8"?>
<Project ToolsVersion="4.0" xmlns="http://schemas.microsoft.com/developer/msbuild/2003">
  <ItemGroup>
    <Filter Include="EngineUI">
      <UniqueIdentifier>{D935E534-C502-4040-EE1B-2EE8DA4775CE}</UniqueIdentifier>
    </Filter>
    <Filter Include="EngineUI\DebugDevelopment">
      <UniqueIdentifier>{728B5C58-DE4D-90E2-27FE-1E6F93FF68C0}</UniqueIdentifier>
    </Filter>
    <Filter Include="EventSystem">
      <UniqueIdentifier>{CCE875DF-389E-EED4-C192-E8AB2D47E5D8}</UniqueIdentifier>
    </Filter>
    <Filter Include="EventSystem\Components">
      <UniqueIdentifier>{61361018-4D30-396A-369D-CF7A22369FD6}</UniqueIdentifier>
    </Filter>
    <Filter Include="EventSystem\EventTypes">
      <UniqueIdentifier>{529B675D-3E95-90AF-2702-27C0139BF61B}</UniqueIdentifier>
    </Filter>
    <Filter Include="Graphics">
      <UniqueIdentifier>{1653CE33-0220-293F-2B39-17E717655ECD}</UniqueIdentifier>
    </Filter>
    <Filter Include="Graphics\Window">
      <UniqueIdentifier>{3D4B47BA-A9D6-B47E-B2E7-37731EF2107F}</UniqueIdentifier>
    </Filter>
    <Filter Include="InputSystem">
      <UniqueIdentifier>{FAE1B94B-6697-3241-EF8B-2C185B402945}</UniqueIdentifier>
    </Filter>
    <Filter Include="LayerSystem">
      <UniqueIdentifier>{87D49461-F389-0D57-7C7E-072EE832045B}</UniqueIdentifier>
    </Filter>
    <Filter Include="PCH">
      <UniqueIdentifier>{2010880B-8C19-887C-1595-9E7C819D937C}</UniqueIdentifier>
    </Filter>
    <Filter Include="TestFolder">
      <UniqueIdentifier>{C1E7922C-AD9F-D479-16A7-ADD5027E6F6A}</UniqueIdentifier>
    </Filter>
    <Filter Include="TestFolder\EventSystemChecker">
      <UniqueIdentifier>{0CACCFD3-78C4-B6FD-4171-4697AD484B97}</UniqueIdentifier>
    </Filter>
    <Filter Include="TestFolder\TestInputSystem">
      <UniqueIdentifier>{E5AC94C9-D1BC-409A-3A76-A5B826A52F33}</UniqueIdentifier>
    </Filter>
  </ItemGroup>
  <ItemGroup>
    <ClInclude Include="src\App.h" />
    <ClInclude Include="src\Core.h" />
    <ClInclude Include="src\EngineUI\DebugDevelopment\MainWindow.h">
      <Filter>EngineUI\DebugDevelopment</Filter>
    </ClInclude>
    <ClInclude Include="src\EngineUI\PrecursorWindow.h">
      <Filter>EngineUI</Filter>
    </ClInclude>
    <ClInclude Include="src\EngineUI\WindowHandler.h">
      <Filter>EngineUI</Filter>
    </ClInclude>
    <ClInclude Include="src\EventSystem\Components\BroadcastComponent.h">
      <Filter>EventSystem\Components</Filter>
    </ClInclude>
    <ClInclude Include="src\EventSystem\Components\RecieverComponent.h">
      <Filter>EventSystem\Components</Filter>
    </ClInclude>
    <ClInclude Include="src\EventSystem\EnumEventType.h">
      <Filter>EventSystem</Filter>
    </ClInclude>
    <ClInclude Include="src\EventSystem\Event.h">
      <Filter>EventSystem</Filter>
    </ClInclude>
    <ClInclude Include="src\EventSystem\EventBroadcastStation.h">
      <Filter>EventSystem</Filter>
    </ClInclude>
    <ClInclude Include="src\EventSystem\EventTypes\CharacterCallbackEvent.h">
      <Filter>EventSystem\EventTypes</Filter>
    </ClInclude>
    <ClInclude Include="src\EventSystem\EventTypes\CursorPositionCallbackEvent.h">
      <Filter>EventSystem\EventTypes</Filter>
    </ClInclude>
    <ClInclude Include="src\EventSystem\EventTypes\KeyCallbackEvent.h">
      <Filter>EventSystem\EventTypes</Filter>
    </ClInclude>
    <ClInclude Include="src\EventSystem\EventTypes\MouseButtonCallbackEvent.h">
      <Filter>EventSystem\EventTypes</Filter>
    </ClInclude>
    <ClInclude Include="src\EventSystem\EventTypes\ScrollCallbackEvent.h">
      <Filter>EventSystem\EventTypes</Filter>
    </ClInclude>
    <ClInclude Include="src\EventSystem\EventTypes\TestConcreteEvent.h">
      <Filter>EventSystem\EventTypes</Filter>
    </ClInclude>
    <ClInclude Include="src\Graphics\Window\Window.h">
      <Filter>Graphics\Window</Filter>
    </ClInclude>
    <ClInclude Include="src\InputSystem\ErmineKeyCodesDefinition.h">
      <Filter>InputSystem</Filter>
    </ClInclude>
    <ClInclude Include="src\InputSystem\GlfwKeyCallbacks.h">
      <Filter>InputSystem</Filter>
    </ClInclude>
    <ClInclude Include="src\InputSystem\imgui_impl_glfw.h">
      <Filter>InputSystem</Filter>
    </ClInclude>
    <ClInclude Include="src\InputSystem\imgui_impl_opengl3.h">
      <Filter>InputSystem</Filter>
    </ClInclude>
    <ClInclude Include="src\LayerSystem\LayerStack.h">
      <Filter>LayerSystem</Filter>
    </ClInclude>
    <ClInclude Include="src\LayerSystem\LayerStackLayer.h">
      <Filter>LayerSystem</Filter>
    </ClInclude>
    <ClInclude Include="src\PCH\stdafx.h">
      <Filter>PCH</Filter>
    </ClInclude>
    <ClInclude Include="src\TestFolder\EventSystemChecker\RecieveAndSendBroadcastObject.h">
      <Filter>TestFolder\EventSystemChecker</Filter>
    </ClInclude>
    <ClInclude Include="src\TestFolder\RecieverWithBroadcastComponent.h">
      <Filter>TestFolder</Filter>
    </ClInclude>
    <ClInclude Include="src\TestFolder\SenderWithSendComponent.h">
      <Filter>TestFolder</Filter>
    </ClInclude>
    <ClInclude Include="src\TestFolder\TestInputSystem\InputChecker.h">
      <Filter>TestFolder\TestInputSystem</Filter>
    </ClInclude>
    <ClInclude Include="src\Graphics\Renderer\RendererPrimitives\VertexBuffer.h" />
    <ClInclude Include="src\Graphics\Renderer\OpenGLErrorChecker.h" />
    <ClInclude Include="src\Graphics\Renderer\RendererPrimitives\IndexBuffer.h" />
    <ClInclude Include="src\Graphics\Renderer\RendererPrimitives\VertexArray.h" />
  </ItemGroup>
  <ItemGroup>
    <ClCompile Include="src\App.cpp" />
    <ClCompile Include="src\EngineUI\DebugDevelopment\MainWindow.cpp">
      <Filter>EngineUI\DebugDevelopment</Filter>
    </ClCompile>
    <ClCompile Include="src\EngineUI\WindowHandler.cpp">
      <Filter>EngineUI</Filter>
    </ClCompile>
    <ClCompile Include="src\EventSystem\Components\BroadcastComponent.cpp">
      <Filter>EventSystem\Components</Filter>
    </ClCompile>
    <ClCompile Include="src\EventSystem\Components\RecieverComponent.cpp">
      <Filter>EventSystem\Components</Filter>
    </ClCompile>
    <ClCompile Include="src\EventSystem\Event.cpp">
      <Filter>EventSystem</Filter>
    </ClCompile>
    <ClCompile Include="src\EventSystem\EventBroadcastStation.cpp">
      <Filter>EventSystem</Filter>
    </ClCompile>
    <ClCompile Include="src\EventSystem\EventTypes\CharacterCallbackEvent.cpp">
      <Filter>EventSystem\EventTypes</Filter>
    </ClCompile>
    <ClCompile Include="src\EventSystem\EventTypes\CursorPositionCallbackEvent.cpp">
      <Filter>EventSystem\EventTypes</Filter>
    </ClCompile>
    <ClCompile Include="src\EventSystem\EventTypes\KeyCallbackEvent.cpp">
      <Filter>EventSystem\EventTypes</Filter>
    </ClCompile>
    <ClCompile Include="src\EventSystem\EventTypes\MouseButtonCallbackEvent.cpp">
      <Filter>EventSystem\EventTypes</Filter>
    </ClCompile>
    <ClCompile Include="src\EventSystem\EventTypes\ScrollCallbackEvent.cpp">
      <Filter>EventSystem\EventTypes</Filter>
    </ClCompile>
    <ClCompile Include="src\EventSystem\EventTypes\TestConcreteEvent.cpp">
      <Filter>EventSystem\EventTypes</Filter>
    </ClCompile>
    <ClCompile Include="src\Graphics\Window\Window.cpp">
      <Filter>Graphics\Window</Filter>
    </ClCompile>
    <ClCompile Include="src\InputSystem\GlfwKeyCallbacks.cpp">
      <Filter>InputSystem</Filter>
    </ClCompile>
    <ClCompile Include="src\InputSystem\imgui_impl_glfw.cpp">
      <Filter>InputSystem</Filter>
    </ClCompile>
    <ClCompile Include="src\InputSystem\imgui_impl_opengl3.cpp">
      <Filter>InputSystem</Filter>
    </ClCompile>
    <ClCompile Include="src\LayerSystem\LayerStack.cpp">
      <Filter>LayerSystem</Filter>
    </ClCompile>
    <ClCompile Include="src\LayerSystem\LayerStackLayer.cpp">
      <Filter>LayerSystem</Filter>
    </ClCompile>
    <ClCompile Include="src\PCH\stdafx.cpp">
      <Filter>PCH</Filter>
    </ClCompile>
    <ClCompile Include="src\Test.cpp" />
    <ClCompile Include="src\TestFolder\TestInputSystem\InputChecker.cpp">
      <Filter>TestFolder\TestInputSystem</Filter>
    </ClCompile>
    <ClCompile Include="src\Graphics\Renderer\RendererPrimitives\VertexBuffer.cpp" />
    <ClCompile Include="src\Graphics\Renderer\OpenGLErrorChecker.cpp" />
    <ClCompile Include="src\Graphics\Renderer\RendererPrimitives\IndexBuffer.cpp" />
    <ClCompile Include="src\Graphics\Renderer\RendererPrimitives\VertexArray.cpp" />
  </ItemGroup>
</Project>