<?xml version="1.0" encoding="utf-8"?>
<Project ToolsVersion="4.0" xmlns="http://schemas.microsoft.com/developer/msbuild/2003">
  <ItemGroup>
    <Filter Include="2DPrimitives">
      <UniqueIdentifier>{A75D6B22-93C0-FAC6-3C46-337D2888C649}</UniqueIdentifier>
    </Filter>
    <Filter Include="2DPrimitives\Constructs">
      <UniqueIdentifier>{EE5B917D-5A93-D914-639D-3D38CF53000E}</UniqueIdentifier>
    </Filter>
    <Filter Include="EngineResourceHandlers">
      <UniqueIdentifier>{748A153F-6084-3E91-49F1-D4A1358AA4FD}</UniqueIdentifier>
    </Filter>
    <Filter Include="EngineUI">
      <UniqueIdentifier>{D935E534-C502-4040-EE1B-2EE8DA4775CE}</UniqueIdentifier>
    </Filter>
    <Filter Include="EngineUI\DebugDevelopment">
      <UniqueIdentifier>{728B5C58-DE4D-90E2-27FE-1E6F93FF68C0}</UniqueIdentifier>
    </Filter>
    <Filter Include="EngineUI\DebugDevelopment\AssetsMenu">
      <UniqueIdentifier>{891DBA44-7504-7C3C-1E55-E2590A1BF5A2}</UniqueIdentifier>
    </Filter>
    <Filter Include="EngineUI\DebugDevelopment\AssetsMenu\AddNewAssetsMenu">
      <UniqueIdentifier>{731303E7-DF2F-F5D7-A807-624514E35E99}</UniqueIdentifier>
    </Filter>
    <Filter Include="EngineUI\DebugDevelopment\AssetsMenu\ViewAssetsMenu">
      <UniqueIdentifier>{BBD9C286-27EB-6A2D-B03C-FD6C1C4DF466}</UniqueIdentifier>
    </Filter>
    <Filter Include="EventSystem">
      <UniqueIdentifier>{CCE875DF-389E-EED4-C192-E8AB2D47E5D8}</UniqueIdentifier>
    </Filter>
    <Filter Include="EventSystem\Components">
      <UniqueIdentifier>{61361018-4D30-396A-369D-CF7A22369FD6}</UniqueIdentifier>
    </Filter>
    <Filter Include="EventSystem\EventTypes">
      <UniqueIdentifier>{529B675D-3E95-90AF-2702-27C0139BF61B}</UniqueIdentifier>
    </Filter>
    <Filter Include="FontRenderingSystem">
      <UniqueIdentifier>{BF8B6ACC-2BED-47DA-B45A-8E8C20BB7E99}</UniqueIdentifier>
    </Filter>
    <Filter Include="Graphics">
      <UniqueIdentifier>{1653CE33-0220-293F-2B39-17E717655ECD}</UniqueIdentifier>
    </Filter>
    <Filter Include="Graphics\Renderer">
      <UniqueIdentifier>{7C6F0F98-E885-0D2E-31FD-984F9D52DEB5}</UniqueIdentifier>
    </Filter>
    <Filter Include="Graphics\Renderer\MaterialSystem">
      <UniqueIdentifier>{BFE051CD-AB31-3D0F-D495-2BD1C045D078}</UniqueIdentifier>
    </Filter>
    <Filter Include="Graphics\Renderer\RenderableComponents">
      <UniqueIdentifier>{C5E8DB6F-B13A-B35F-9A59-F06F864ACC48}</UniqueIdentifier>
    </Filter>
    <Filter Include="Graphics\Renderer\RendererPrimitives">
      <UniqueIdentifier>{0E483E1B-FA2E-0013-A37F-66308F457979}</UniqueIdentifier>
    </Filter>
    <Filter Include="Graphics\Renderer\RendererPrimitives\RendererPrimitives2D">
      <UniqueIdentifier>{16F21875-8264-5B91-CBF8-901537AA258A}</UniqueIdentifier>
    </Filter>
    <Filter Include="Graphics\Window">
      <UniqueIdentifier>{3D4B47BA-A9D6-B47E-B2E7-37731EF2107F}</UniqueIdentifier>
    </Filter>
    <Filter Include="InputSystem">
      <UniqueIdentifier>{FAE1B94B-6697-3241-EF8B-2C185B402945}</UniqueIdentifier>
    </Filter>
    <Filter Include="LayerSystem">
      <UniqueIdentifier>{87D49461-F389-0D57-7C7E-072EE832045B}</UniqueIdentifier>
    </Filter>
    <Filter Include="PCH">
      <UniqueIdentifier>{2010880B-8C19-887C-1595-9E7C819D937C}</UniqueIdentifier>
    </Filter>
    <Filter Include="TestFolder">
      <UniqueIdentifier>{C1E7922C-AD9F-D479-16A7-ADD5027E6F6A}</UniqueIdentifier>
    </Filter>
    <Filter Include="TestFolder\EventSystemChecker">
      <UniqueIdentifier>{0CACCFD3-78C4-B6FD-4171-4697AD484B97}</UniqueIdentifier>
    </Filter>
    <Filter Include="TestFolder\TestInputSystem">
      <UniqueIdentifier>{E5AC94C9-D1BC-409A-3A76-A5B826A52F33}</UniqueIdentifier>
    </Filter>
  </ItemGroup>
  <ItemGroup>
    <ClInclude Include="src\2DPrimitives\Constructs\MovableObject.h">
      <Filter>2DPrimitives\Constructs</Filter>
    </ClInclude>
    <ClInclude Include="src\2DPrimitives\Constructs\Quad.h">
      <Filter>2DPrimitives\Constructs</Filter>
    </ClInclude>
    <ClInclude Include="src\2DPrimitives\Constructs\VertexBase.h">
      <Filter>2DPrimitives\Constructs</Filter>
    </ClInclude>
    <ClInclude Include="src\2DPrimitives\Constructs\VertexTextured.h">
      <Filter>2DPrimitives\Constructs</Filter>
    </ClInclude>
    <ClInclude Include="src\2DPrimitives\Label.h">
      <Filter>2DPrimitives</Filter>
    </ClInclude>
    <ClInclude Include="src\2DPrimitives\PrimitiveType2D.h">
      <Filter>2DPrimitives</Filter>
    </ClInclude>
    <ClInclude Include="src\2DPrimitives\Sprite.h">
      <Filter>2DPrimitives</Filter>
    </ClInclude>
    <ClInclude Include="src\2DPrimitives\SpriteBook.h">
      <Filter>2DPrimitives</Filter>
    </ClInclude>
    <ClInclude Include="src\2DPrimitives\TileMap.h">
      <Filter>2DPrimitives</Filter>
    </ClInclude>
    <ClInclude Include="src\2DPrimitives\TileMapLayerRenderable.h">
      <Filter>2DPrimitives</Filter>
    </ClInclude>
    <ClInclude Include="src\2DPrimitives\TileSet.h">
      <Filter>2DPrimitives</Filter>
    </ClInclude>
    <ClInclude Include="src\App.h" />
    <ClInclude Include="src\Core.h" />
    <ClInclude Include="src\DeltaTime.h" />
    <ClInclude Include="src\EngineResourceHandlers\EditorDefaultStrings.h">
      <Filter>EngineResourceHandlers</Filter>
    </ClInclude>
    <ClInclude Include="src\EngineResourceHandlers\GlobalFontCache.h">
      <Filter>EngineResourceHandlers</Filter>
    </ClInclude>
    <ClInclude Include="src\EngineResourceHandlers\GlobalTextureCache.h">
      <Filter>EngineResourceHandlers</Filter>
    </ClInclude>
    <ClInclude Include="src\EngineUI\DebugDevelopment\AssetsMenu\AddNewAssetsMenu\AddNewTextureWindow.h">
      <Filter>EngineUI\DebugDevelopment\AssetsMenu\AddNewAssetsMenu</Filter>
    </ClInclude>
    <ClInclude Include="src\EngineUI\DebugDevelopment\AssetsMenu\AddNewAssetsMenu\NewTileMap.h">
      <Filter>EngineUI\DebugDevelopment\AssetsMenu\AddNewAssetsMenu</Filter>
    </ClInclude>
    <ClInclude Include="src\EngineUI\DebugDevelopment\AssetsMenu\AddNewAssetsMenu\NewTileSet.h">
      <Filter>EngineUI\DebugDevelopment\AssetsMenu\AddNewAssetsMenu</Filter>
    </ClInclude>
    <ClInclude Include="src\EngineUI\DebugDevelopment\AssetsMenu\ViewAssetsMenu\TextureViewWizard.h">
      <Filter>EngineUI\DebugDevelopment\AssetsMenu\ViewAssetsMenu</Filter>
    </ClInclude>
    <ClInclude Include="src\EngineUI\DebugDevelopment\AssetsMenu\ViewAssetsMenu\TextureViewer.h">
      <Filter>EngineUI\DebugDevelopment\AssetsMenu\ViewAssetsMenu</Filter>
    </ClInclude>
    <ClInclude Include="src\EngineUI\DebugDevelopment\AssetsMenu\ViewAssetsMenu\TileMapViewWizard.h">
      <Filter>EngineUI\DebugDevelopment\AssetsMenu\ViewAssetsMenu</Filter>
    </ClInclude>
    <ClInclude Include="src\EngineUI\DebugDevelopment\AssetsMenu\ViewAssetsMenu\TilesetViewWizard.h">
      <Filter>EngineUI\DebugDevelopment\AssetsMenu\ViewAssetsMenu</Filter>
    </ClInclude>
    <ClInclude Include="src\EngineUI\DebugDevelopment\AssetsMenu\ViewAssetsMenu\TilesetViewer.h">
      <Filter>EngineUI\DebugDevelopment\AssetsMenu\ViewAssetsMenu</Filter>
    </ClInclude>
    <ClInclude Include="src\EngineUI\DebugDevelopment\MainWindow.h">
      <Filter>EngineUI\DebugDevelopment</Filter>
    </ClInclude>
    <ClInclude Include="src\EngineUI\PrecursorWindow.h">
      <Filter>EngineUI</Filter>
    </ClInclude>
    <ClInclude Include="src\EngineUI\WindowHandler.h">
      <Filter>EngineUI</Filter>
    </ClInclude>
    <ClInclude Include="src\EventSystem\Components\BroadcastComponent.h">
      <Filter>EventSystem\Components</Filter>
    </ClInclude>
    <ClInclude Include="src\EventSystem\Components\RecieverComponent.h">
      <Filter>EventSystem\Components</Filter>
    </ClInclude>
    <ClInclude Include="src\EventSystem\EnumEventType.h">
      <Filter>EventSystem</Filter>
    </ClInclude>
    <ClInclude Include="src\EventSystem\Event.h">
      <Filter>EventSystem</Filter>
    </ClInclude>
    <ClInclude Include="src\EventSystem\EventBroadcastStation.h">
      <Filter>EventSystem</Filter>
    </ClInclude>
    <ClInclude Include="src\EventSystem\EventTypes\CharacterCallbackEvent.h">
      <Filter>EventSystem\EventTypes</Filter>
    </ClInclude>
    <ClInclude Include="src\EventSystem\EventTypes\CursorPositionCallbackEvent.h">
      <Filter>EventSystem\EventTypes</Filter>
    </ClInclude>
    <ClInclude Include="src\EventSystem\EventTypes\KeyCallbackEvent.h">
      <Filter>EventSystem\EventTypes</Filter>
    </ClInclude>
    <ClInclude Include="src\EventSystem\EventTypes\MouseButtonCallbackEvent.h">
      <Filter>EventSystem\EventTypes</Filter>
    </ClInclude>
    <ClInclude Include="src\EventSystem\EventTypes\ScrollCallbackEvent.h">
      <Filter>EventSystem\EventTypes</Filter>
    </ClInclude>
    <ClInclude Include="src\EventSystem\EventTypes\TestConcreteEvent.h">
      <Filter>EventSystem\EventTypes</Filter>
    </ClInclude>
    <ClInclude Include="src\EventSystem\EventTypes\TileSelectedEvent.h">
      <Filter>EventSystem\EventTypes</Filter>
    </ClInclude>
    <ClInclude Include="src\FontRenderingSystem\Font.h">
      <Filter>FontRenderingSystem</Filter>
    </ClInclude>
    <ClInclude Include="src\Graphics\Renderer\MaterialSystem\Material.h">
      <Filter>Graphics\Renderer\MaterialSystem</Filter>
    </ClInclude>
    <ClInclude Include="src\Graphics\Renderer\MaterialSystem\Shader.h">
      <Filter>Graphics\Renderer\MaterialSystem</Filter>
    </ClInclude>
    <ClInclude Include="src\Graphics\Renderer\MaterialSystem\Texture.h">
      <Filter>Graphics\Renderer\MaterialSystem</Filter>
    </ClInclude>
    <ClInclude Include="src\Graphics\Renderer\OpenGLErrorChecker.h">
      <Filter>Graphics\Renderer</Filter>
    </ClInclude>
    <ClInclude Include="src\Graphics\Renderer\RenderableComponents\Renderable2D.h">
      <Filter>Graphics\Renderer\RenderableComponents</Filter>
    </ClInclude>
    <ClInclude Include="src\Graphics\Renderer\RenderableComponents\RenderableTextureModule.h">
      <Filter>Graphics\Renderer\RenderableComponents</Filter>
    </ClInclude>
    <ClInclude Include="src\Graphics\Renderer\Renderer.h">
      <Filter>Graphics\Renderer</Filter>
    </ClInclude>
    <ClInclude Include="src\Graphics\Renderer\Renderer2D.h">
      <Filter>Graphics\Renderer</Filter>
    </ClInclude>
    <ClInclude Include="src\Graphics\Renderer\RendererPrimitives\IndexBuffer.h">
      <Filter>Graphics\Renderer\RendererPrimitives</Filter>
    </ClInclude>
    <ClInclude Include="src\Graphics\Renderer\RendererPrimitives\RendererPrimitives2D\TileMapRendererPrimitive.h">
      <Filter>Graphics\Renderer\RendererPrimitives\RendererPrimitives2D</Filter>
    </ClInclude>
    <ClInclude Include="src\Graphics\Renderer\RendererPrimitives\VertexArray.h">
      <Filter>Graphics\Renderer\RendererPrimitives</Filter>
    </ClInclude>
    <ClInclude Include="src\Graphics\Renderer\RendererPrimitives\VertexAttribPointerSpecification.h">
      <Filter>Graphics\Renderer\RendererPrimitives</Filter>
    </ClInclude>
    <ClInclude Include="src\Graphics\Renderer\RendererPrimitives\VertexBuffer.h">
      <Filter>Graphics\Renderer\RendererPrimitives</Filter>
    </ClInclude>
    <ClInclude Include="src\Graphics\Window\Window.h">
      <Filter>Graphics\Window</Filter>
    </ClInclude>
    <ClInclude Include="src\InputSystem\ErmineKeyCodesDefinition.h">
      <Filter>InputSystem</Filter>
    </ClInclude>
    <ClInclude Include="src\InputSystem\GlfwKeyCallbacks.h">
      <Filter>InputSystem</Filter>
    </ClInclude>
    <ClInclude Include="src\InputSystem\InputInterrogator.h">
      <Filter>InputSystem</Filter>
    </ClInclude>
    <ClInclude Include="src\InputSystem\imgui_impl_glfw.h">
      <Filter>InputSystem</Filter>
    </ClInclude>
    <ClInclude Include="src\InputSystem\imgui_impl_opengl3.h">
      <Filter>InputSystem</Filter>
    </ClInclude>
    <ClInclude Include="src\LayerSystem\LayerStack.h">
      <Filter>LayerSystem</Filter>
    </ClInclude>
    <ClInclude Include="src\LayerSystem\LayerStackLayer.h">
      <Filter>LayerSystem</Filter>
    </ClInclude>
    <ClInclude Include="src\PCH\stdafx.h">
      <Filter>PCH</Filter>
    </ClInclude>
    <ClInclude Include="src\TestFolder\EventSystemChecker\RecieveAndSendBroadcastObject.h">
      <Filter>TestFolder\EventSystemChecker</Filter>
    </ClInclude>
    <ClInclude Include="src\TestFolder\RecieverWithBroadcastComponent.h">
      <Filter>TestFolder</Filter>
    </ClInclude>
    <ClInclude Include="src\TestFolder\SenderWithSendComponent.h">
      <Filter>TestFolder</Filter>
    </ClInclude>
    <ClInclude Include="src\TestFolder\TestInputSystem\InputChecker.h">
      <Filter>TestFolder\TestInputSystem</Filter>
    </ClInclude>
    <ClInclude Include="src\Physics\PhysicsComponent2D.h" />
    <ClInclude Include="src\Physics\PhysicsWorldInitializationStruct.h" />
    <ClInclude Include="src\Physics\Physics.h" />
    <ClInclude Include="src\2DPrimitives\ActorFamily\Actor2D.h">
      <Filter>2DPrimitives</Filter>
    </ClInclude>
    <ClInclude Include="src\2DPrimitives\ActorFamily\Actor2DBase.h" />
    <ClInclude Include="src\2DPrimitives\ActorFamily\ActorFamilyEnnumerations.h" />
    <ClInclude Include="src\2DPrimitives\ActorFamily\ImageBase.h" />
    <ClInclude Include="src\2DPrimitives\ActorFamily\PhysicsActor2D.h" />
  </ItemGroup>
  <ItemGroup>
    <ClCompile Include="src\2DPrimitives\Constructs\MovableObject.cpp">
      <Filter>2DPrimitives\Constructs</Filter>
    </ClCompile>
    <ClCompile Include="src\2DPrimitives\Constructs\VertexBase.cpp">
      <Filter>2DPrimitives\Constructs</Filter>
    </ClCompile>
    <ClCompile Include="src\2DPrimitives\Constructs\VertexTextured.cpp">
      <Filter>2DPrimitives\Constructs</Filter>
    </ClCompile>
    <ClCompile Include="src\2DPrimitives\Label.cpp">
      <Filter>2DPrimitives</Filter>
    </ClCompile>
    <ClCompile Include="src\2DPrimitives\Sprite.cpp">
      <Filter>2DPrimitives</Filter>
    </ClCompile>
    <ClCompile Include="src\2DPrimitives\SpriteBook.cpp">
      <Filter>2DPrimitives</Filter>
    </ClCompile>
    <ClCompile Include="src\2DPrimitives\TileMap.cpp">
      <Filter>2DPrimitives</Filter>
    </ClCompile>
    <ClCompile Include="src\2DPrimitives\TileMapLayerRenderable.cpp">
      <Filter>2DPrimitives</Filter>
    </ClCompile>
    <ClCompile Include="src\2DPrimitives\TileSet.cpp">
      <Filter>2DPrimitives</Filter>
    </ClCompile>
    <ClCompile Include="src\App.cpp" />
    <ClCompile Include="src\Core.cpp" />
    <ClCompile Include="src\DeltaTime.cpp" />
    <ClCompile Include="src\EngineResourceHandlers\EditorDefaultStrings.cpp">
      <Filter>EngineResourceHandlers</Filter>
    </ClCompile>
    <ClCompile Include="src\EngineResourceHandlers\GlobalFontCache.cpp">
      <Filter>EngineResourceHandlers</Filter>
    </ClCompile>
    <ClCompile Include="src\EngineResourceHandlers\GlobalTextureCache.cpp">
      <Filter>EngineResourceHandlers</Filter>
    </ClCompile>
    <ClCompile Include="src\EngineUI\DebugDevelopment\AssetsMenu\AddNewAssetsMenu\AddNewTextureWindow.cpp">
      <Filter>EngineUI\DebugDevelopment\AssetsMenu\AddNewAssetsMenu</Filter>
    </ClCompile>
    <ClCompile Include="src\EngineUI\DebugDevelopment\AssetsMenu\AddNewAssetsMenu\NewTileMap.cpp">
      <Filter>EngineUI\DebugDevelopment\AssetsMenu\AddNewAssetsMenu</Filter>
    </ClCompile>
    <ClCompile Include="src\EngineUI\DebugDevelopment\AssetsMenu\AddNewAssetsMenu\NewTileSet.cpp">
      <Filter>EngineUI\DebugDevelopment\AssetsMenu\AddNewAssetsMenu</Filter>
    </ClCompile>
    <ClCompile Include="src\EngineUI\DebugDevelopment\AssetsMenu\ViewAssetsMenu\TextureViewWizard.cpp">
      <Filter>EngineUI\DebugDevelopment\AssetsMenu\ViewAssetsMenu</Filter>
    </ClCompile>
    <ClCompile Include="src\EngineUI\DebugDevelopment\AssetsMenu\ViewAssetsMenu\TextureViewer.cpp">
      <Filter>EngineUI\DebugDevelopment\AssetsMenu\ViewAssetsMenu</Filter>
    </ClCompile>
    <ClCompile Include="src\EngineUI\DebugDevelopment\AssetsMenu\ViewAssetsMenu\TileMapViewWizard.cpp">
      <Filter>EngineUI\DebugDevelopment\AssetsMenu\ViewAssetsMenu</Filter>
    </ClCompile>
    <ClCompile Include="src\EngineUI\DebugDevelopment\AssetsMenu\ViewAssetsMenu\TilesetViewWizard.cpp">
      <Filter>EngineUI\DebugDevelopment\AssetsMenu\ViewAssetsMenu</Filter>
    </ClCompile>
    <ClCompile Include="src\EngineUI\DebugDevelopment\AssetsMenu\ViewAssetsMenu\TilesetViewer.cpp">
      <Filter>EngineUI\DebugDevelopment\AssetsMenu\ViewAssetsMenu</Filter>
    </ClCompile>
    <ClCompile Include="src\EngineUI\DebugDevelopment\MainWindow.cpp">
      <Filter>EngineUI\DebugDevelopment</Filter>
    </ClCompile>
    <ClCompile Include="src\EngineUI\WindowHandler.cpp">
      <Filter>EngineUI</Filter>
    </ClCompile>
    <ClCompile Include="src\EventSystem\Components\BroadcastComponent.cpp">
      <Filter>EventSystem\Components</Filter>
    </ClCompile>
    <ClCompile Include="src\EventSystem\Components\RecieverComponent.cpp">
      <Filter>EventSystem\Components</Filter>
    </ClCompile>
    <ClCompile Include="src\EventSystem\Event.cpp">
      <Filter>EventSystem</Filter>
    </ClCompile>
    <ClCompile Include="src\EventSystem\EventBroadcastStation.cpp">
      <Filter>EventSystem</Filter>
    </ClCompile>
    <ClCompile Include="src\EventSystem\EventTypes\CharacterCallbackEvent.cpp">
      <Filter>EventSystem\EventTypes</Filter>
    </ClCompile>
    <ClCompile Include="src\EventSystem\EventTypes\CursorPositionCallbackEvent.cpp">
      <Filter>EventSystem\EventTypes</Filter>
    </ClCompile>
    <ClCompile Include="src\EventSystem\EventTypes\KeyCallbackEvent.cpp">
      <Filter>EventSystem\EventTypes</Filter>
    </ClCompile>
    <ClCompile Include="src\EventSystem\EventTypes\MouseButtonCallbackEvent.cpp">
      <Filter>EventSystem\EventTypes</Filter>
    </ClCompile>
    <ClCompile Include="src\EventSystem\EventTypes\ScrollCallbackEvent.cpp">
      <Filter>EventSystem\EventTypes</Filter>
    </ClCompile>
    <ClCompile Include="src\EventSystem\EventTypes\TestConcreteEvent.cpp">
      <Filter>EventSystem\EventTypes</Filter>
    </ClCompile>
    <ClCompile Include="src\EventSystem\EventTypes\TileSelectedEvent.cpp">
      <Filter>EventSystem\EventTypes</Filter>
    </ClCompile>
    <ClCompile Include="src\FontRenderingSystem\Font.cpp">
      <Filter>FontRenderingSystem</Filter>
    </ClCompile>
    <ClCompile Include="src\Graphics\Renderer\MaterialSystem\Material.cpp">
      <Filter>Graphics\Renderer\MaterialSystem</Filter>
    </ClCompile>
    <ClCompile Include="src\Graphics\Renderer\MaterialSystem\Shader.cpp">
      <Filter>Graphics\Renderer\MaterialSystem</Filter>
    </ClCompile>
    <ClCompile Include="src\Graphics\Renderer\MaterialSystem\Texture.cpp">
      <Filter>Graphics\Renderer\MaterialSystem</Filter>
    </ClCompile>
    <ClCompile Include="src\Graphics\Renderer\OpenGLErrorChecker.cpp">
      <Filter>Graphics\Renderer</Filter>
    </ClCompile>
    <ClCompile Include="src\Graphics\Renderer\RenderableComponents\Renderable2D.cpp">
      <Filter>Graphics\Renderer\RenderableComponents</Filter>
    </ClCompile>
    <ClCompile Include="src\Graphics\Renderer\RenderableComponents\RenderableTextureModule.cpp">
      <Filter>Graphics\Renderer\RenderableComponents</Filter>
    </ClCompile>
    <ClCompile Include="src\Graphics\Renderer\Renderer2D.cpp">
      <Filter>Graphics\Renderer</Filter>
    </ClCompile>
    <ClCompile Include="src\Graphics\Renderer\RendererPrimitives\IndexBuffer.cpp">
      <Filter>Graphics\Renderer\RendererPrimitives</Filter>
    </ClCompile>
    <ClCompile Include="src\Graphics\Renderer\RendererPrimitives\RendererPrimitives2D\TileMapRendererPrimitive.cpp">
      <Filter>Graphics\Renderer\RendererPrimitives\RendererPrimitives2D</Filter>
    </ClCompile>
    <ClCompile Include="src\Graphics\Renderer\RendererPrimitives\VertexArray.cpp">
      <Filter>Graphics\Renderer\RendererPrimitives</Filter>
    </ClCompile>
    <ClCompile Include="src\Graphics\Renderer\RendererPrimitives\VertexBuffer.cpp">
      <Filter>Graphics\Renderer\RendererPrimitives</Filter>
    </ClCompile>
    <ClCompile Include="src\Graphics\Window\Window.cpp">
      <Filter>Graphics\Window</Filter>
    </ClCompile>
    <ClCompile Include="src\InputSystem\GlfwKeyCallbacks.cpp">
      <Filter>InputSystem</Filter>
    </ClCompile>
    <ClCompile Include="src\InputSystem\InputInterrogator.cpp">
      <Filter>InputSystem</Filter>
    </ClCompile>
    <ClCompile Include="src\InputSystem\imgui_impl_glfw.cpp">
      <Filter>InputSystem</Filter>
    </ClCompile>
    <ClCompile Include="src\InputSystem\imgui_impl_opengl3.cpp">
      <Filter>InputSystem</Filter>
    </ClCompile>
    <ClCompile Include="src\LayerSystem\LayerStack.cpp">
      <Filter>LayerSystem</Filter>
    </ClCompile>
    <ClCompile Include="src\LayerSystem\LayerStackLayer.cpp">
      <Filter>LayerSystem</Filter>
    </ClCompile>
    <ClCompile Include="src\PCH\stdafx.cpp">
      <Filter>PCH</Filter>
    </ClCompile>
    <ClCompile Include="src\Test.cpp" />
    <ClCompile Include="src\TestFolder\TestInputSystem\InputChecker.cpp">
      <Filter>TestFolder\TestInputSystem</Filter>
    </ClCompile>
    <ClCompile Include="src\Physics\Physics.cpp" />
    <ClCompile Include="src\2DPrimitives\ActorFamily\Actor2DBase.cpp" />
    <ClCompile Include="src\2DPrimitives\ActorFamily\ImageBase.cpp" />
    <ClCompile Include="src\2DPrimitives\ActorFamily\Actor2D.cpp" />
    <ClCompile Include="src\2DPrimitives\ActorFamily\PhysicsActor2D.cpp" />
  </ItemGroup>
</Project>