<?xml version="1.0" encoding="utf-8"?>
<Project ToolsVersion="4.0" xmlns="http://schemas.microsoft.com/developer/msbuild/2003">
  <ItemGroup>
    <Filter Include="EventSystem">
      <UniqueIdentifier>{CCE875DF-389E-EED4-C192-E8AB2D47E5D8}</UniqueIdentifier>
    </Filter>
    <Filter Include="EventSystem\Components">
      <UniqueIdentifier>{61361018-4D30-396A-369D-CF7A22369FD6}</UniqueIdentifier>
    </Filter>
    <Filter Include="EventSystem\EventTypes">
      <UniqueIdentifier>{529B675D-3E95-90AF-2702-27C0139BF61B}</UniqueIdentifier>
    </Filter>
    <Filter Include="Graphics">
      <UniqueIdentifier>{1653CE33-0220-293F-2B39-17E717655ECD}</UniqueIdentifier>
    </Filter>
    <Filter Include="Graphics\Window">
      <UniqueIdentifier>{3D4B47BA-A9D6-B47E-B2E7-37731EF2107F}</UniqueIdentifier>
    </Filter>
    <Filter Include="LayerSystem">
      <UniqueIdentifier>{87D49461-F389-0D57-7C7E-072EE832045B}</UniqueIdentifier>
    </Filter>
    <Filter Include="PCH">
      <UniqueIdentifier>{2010880B-8C19-887C-1595-9E7C819D937C}</UniqueIdentifier>
    </Filter>
    <Filter Include="TestFolder">
      <UniqueIdentifier>{C1E7922C-AD9F-D479-16A7-ADD5027E6F6A}</UniqueIdentifier>
    </Filter>
    <Filter Include="TestFolder\EventSystemChecker">
      <UniqueIdentifier>{0CACCFD3-78C4-B6FD-4171-4697AD484B97}</UniqueIdentifier>
    </Filter>
  </ItemGroup>
  <ItemGroup>
    <ClInclude Include="src\App.h" />
    <ClInclude Include="src\Core.h" />
    <ClInclude Include="src\EventSystem\Components\BroadcastComponent.h">
      <Filter>EventSystem\Components</Filter>
    </ClInclude>
    <ClInclude Include="src\EventSystem\Components\RecieverComponent.h">
      <Filter>EventSystem\Components</Filter>
    </ClInclude>
    <ClInclude Include="src\EventSystem\EnumEventType.h">
      <Filter>EventSystem</Filter>
    </ClInclude>
    <ClInclude Include="src\EventSystem\Event.h">
      <Filter>EventSystem</Filter>
    </ClInclude>
    <ClInclude Include="src\EventSystem\EventBroadcastStation.h">
      <Filter>EventSystem</Filter>
    </ClInclude>
    <ClInclude Include="src\EventSystem\EventTypes\TestConcreteEvent.h">
      <Filter>EventSystem\EventTypes</Filter>
    </ClInclude>
    <ClInclude Include="src\Graphics\Window\Window.h">
      <Filter>Graphics\Window</Filter>
    </ClInclude>
    <ClInclude Include="src\LayerSystem\LayerStack.h">
      <Filter>LayerSystem</Filter>
    </ClInclude>
    <ClInclude Include="src\LayerSystem\LayerStackLayer.h">
      <Filter>LayerSystem</Filter>
    </ClInclude>
    <ClInclude Include="src\PCH\stdafx.h">
      <Filter>PCH</Filter>
    </ClInclude>
    <ClInclude Include="src\TestFolder\EventSystemChecker\RecieveAndSendBroadcastObject.h">
      <Filter>TestFolder\EventSystemChecker</Filter>
    </ClInclude>
    <ClInclude Include="src\TestFolder\RecieverWithBroadcastComponent.h">
      <Filter>TestFolder</Filter>
    </ClInclude>
    <ClInclude Include="src\TestFolder\SenderWithSendComponent.h">
      <Filter>TestFolder</Filter>
    </ClInclude>
  </ItemGroup>
  <ItemGroup>
    <ClCompile Include="src\EventSystem\Components\BroadcastComponent.cpp">
      <Filter>EventSystem\Components</Filter>
    </ClCompile>
    <ClCompile Include="src\EventSystem\Components\RecieverComponent.cpp">
      <Filter>EventSystem\Components</Filter>
    </ClCompile>
    <ClCompile Include="src\EventSystem\Event.cpp">
      <Filter>EventSystem</Filter>
    </ClCompile>
    <ClCompile Include="src\EventSystem\EventBroadcastStation.cpp">
      <Filter>EventSystem</Filter>
    </ClCompile>
    <ClCompile Include="src\EventSystem\EventTypes\TestConcreteEvent.cpp">
      <Filter>EventSystem\EventTypes</Filter>
    </ClCompile>
    <ClCompile Include="src\Graphics\Window\Window.cpp">
      <Filter>Graphics\Window</Filter>
    </ClCompile>
    <ClCompile Include="src\LayerSystem\LayerStack.cpp">
      <Filter>LayerSystem</Filter>
    </ClCompile>
    <ClCompile Include="src\LayerSystem\LayerStackLayer.cpp">
      <Filter>LayerSystem</Filter>
    </ClCompile>
    <ClCompile Include="src\PCH\stdafx.cpp">
      <Filter>PCH</Filter>
    </ClCompile>
    <ClCompile Include="src\Test.cpp" />
  </ItemGroup>
</Project>