
Microsoft Visual Studio Solution File, Format Version 12.00
# Visual Studio Version 16
Project("{8BC9CEB8-8B4A-11D0-8D11-00A0C91BC942}") = "Ermine", "Ermine\Ermine.vcxproj", "{25741FB1-1116-4A87-FAD0-5DDBE611D1D7}"
EndProject
Project("{2150E333-8FDC-42A3-9474-1A3956D46DE8}") = "Dependencies", "Dependencies", "{53E47842-3FC8-3998-A828-34EB942B241A}"
EndProject
Project("{8BC9CEB8-8B4A-11D0-8D11-00A0C91BC942}") = "Freetype", "vendor\freetype\Freetype.vcxproj", "{69ED2050-55BA-7B5B-7ED3-69036AFFB0E9}"
EndProject
Project("{8BC9CEB8-8B4A-11D0-8D11-00A0C91BC942}") = "GLFW", "vendor\GLFW\GLFW.vcxproj", "{154B857C-0182-860D-AA6E-6C109684020F}"
EndProject
Project("{8BC9CEB8-8B4A-11D0-8D11-00A0C91BC942}") = "GLM", "vendor\GLM\GLM.vcxproj", "{05EB870B-71F4-877C-FA6F-9E7C6678937C}"
EndProject
Project("{8BC9CEB8-8B4A-11D0-8D11-00A0C91BC942}") = "Glad", "vendor\Glad\Glad.vcxproj", "{BDD6857C-A90D-870D-52FA-6C103E10030F}"
EndProject
Project("{8BC9CEB8-8B4A-11D0-8D11-00A0C91BC942}") = "ImGui", "vendor\ImGuiDocking\ImGui.vcxproj", "{C0FF640D-2C14-8DBE-F595-301E616989EF}"
EndProject
Project("{8BC9CEB8-8B4A-11D0-8D11-00A0C91BC942}") = "LogSystem", "LogSystem\LogSystem.vcxproj", "{CCA1B2BA-380C-6731-814A-18D7EDF34486}"
EndProject
Project("{8BC9CEB8-8B4A-11D0-8D11-00A0C91BC942}") = "freetype-gl", "vendor\freetype-gl\freetype-gl.vcxproj", "{09D6E609-758B-5FFF-FE7F-59D66A345603}"
EndProject
Project("{8BC9CEB8-8B4A-11D0-8D11-00A0C91BC942}") = "json", "vendor\JSON\json.vcxproj", "{9F27997C-8B5E-9A0D-344B-80102061160F}"
EndProject
Project("{8BC9CEB8-8B4A-11D0-8D11-00A0C91BC942}") = "stb", "vendor\stb\stb.vcxproj", "{6EAB880B-DAB4-887C-6330-9F7CCF38947C}"
EndProject
Project("{8BC9CEB8-8B4A-11D0-8D11-00A0C91BC942}") = "Game", "Game\Game.vcxproj", "{7FA9857C-6BE0-860D-14CD-6C1000E3020F}"
EndProject
Project("{8BC9CEB8-8B4A-11D0-8D11-00A0C91BC942}") = "GameErmineCommonExchangeHeaders", "GameErmineCommonExchangeHeaders\GameErmineCommonExchangeHeaders.vcxproj", "{473471B8-B317-80F8-BC1A-AE34287D4649}"
EndProject
Global
	GlobalSection(SolutionConfigurationPlatforms) = preSolution
		Debug_Development|Windows = Debug_Development|Windows
		Debug_Distribution|Windows = Debug_Distribution|Windows
		Release_Distribution|Windows = Release_Distribution|Windows
	EndGlobalSection
	GlobalSection(ProjectConfigurationPlatforms) = postSolution
		{25741FB1-1116-4A87-FAD0-5DDBE611D1D7}.Debug_Development|Windows.ActiveCfg = Debug_Development Windows|x64
		{25741FB1-1116-4A87-FAD0-5DDBE611D1D7}.Debug_Development|Windows.Build.0 = Debug_Development Windows|x64
		{25741FB1-1116-4A87-FAD0-5DDBE611D1D7}.Debug_Distribution|Windows.ActiveCfg = Debug_Distribution Windows|x64
		{25741FB1-1116-4A87-FAD0-5DDBE611D1D7}.Debug_Distribution|Windows.Build.0 = Debug_Distribution Windows|x64
		{25741FB1-1116-4A87-FAD0-5DDBE611D1D7}.Release_Distribution|Windows.ActiveCfg = Release_Distribution Windows|x64
		{25741FB1-1116-4A87-FAD0-5DDBE611D1D7}.Release_Distribution|Windows.Build.0 = Release_Distribution Windows|x64
		{69ED2050-55BA-7B5B-7ED3-69036AFFB0E9}.Debug_Development|Windows.ActiveCfg = Debug_Development Windows|x64
		{69ED2050-55BA-7B5B-7ED3-69036AFFB0E9}.Debug_Development|Windows.Build.0 = Debug_Development Windows|x64
		{69ED2050-55BA-7B5B-7ED3-69036AFFB0E9}.Debug_Distribution|Windows.ActiveCfg = Debug_Distribution Windows|x64
		{69ED2050-55BA-7B5B-7ED3-69036AFFB0E9}.Debug_Distribution|Windows.Build.0 = Debug_Distribution Windows|x64
		{69ED2050-55BA-7B5B-7ED3-69036AFFB0E9}.Release_Distribution|Windows.ActiveCfg = Release_Distribution Windows|x64
		{69ED2050-55BA-7B5B-7ED3-69036AFFB0E9}.Release_Distribution|Windows.Build.0 = Release_Distribution Windows|x64
		{154B857C-0182-860D-AA6E-6C109684020F}.Debug_Development|Windows.ActiveCfg = Debug_Development Windows|x64
		{154B857C-0182-860D-AA6E-6C109684020F}.Debug_Development|Windows.Build.0 = Debug_Development Windows|x64
		{154B857C-0182-860D-AA6E-6C109684020F}.Debug_Distribution|Windows.ActiveCfg = Debug_Distribution Windows|x64
		{154B857C-0182-860D-AA6E-6C109684020F}.Debug_Distribution|Windows.Build.0 = Debug_Distribution Windows|x64
		{154B857C-0182-860D-AA6E-6C109684020F}.Release_Distribution|Windows.ActiveCfg = Release_Distribution Windows|x64
		{154B857C-0182-860D-AA6E-6C109684020F}.Release_Distribution|Windows.Build.0 = Release_Distribution Windows|x64
		{05EB870B-71F4-877C-FA6F-9E7C6678937C}.Debug_Development|Windows.ActiveCfg = Debug_Development Windows|x64
		{05EB870B-71F4-877C-FA6F-9E7C6678937C}.Debug_Development|Windows.Build.0 = Debug_Development Windows|x64
		{05EB870B-71F4-877C-FA6F-9E7C6678937C}.Debug_Distribution|Windows.ActiveCfg = Debug_Distribution Windows|x64
		{05EB870B-71F4-877C-FA6F-9E7C6678937C}.Debug_Distribution|Windows.Build.0 = Debug_Distribution Windows|x64
		{05EB870B-71F4-877C-FA6F-9E7C6678937C}.Release_Distribution|Windows.ActiveCfg = Release_Distribution Windows|x64
		{05EB870B-71F4-877C-FA6F-9E7C6678937C}.Release_Distribution|Windows.Build.0 = Release_Distribution Windows|x64
		{BDD6857C-A90D-870D-52FA-6C103E10030F}.Debug_Development|Windows.ActiveCfg = Debug_Development Windows|x64
		{BDD6857C-A90D-870D-52FA-6C103E10030F}.Debug_Development|Windows.Build.0 = Debug_Development Windows|x64
		{BDD6857C-A90D-870D-52FA-6C103E10030F}.Debug_Distribution|Windows.ActiveCfg = Debug_Distribution Windows|x64
		{BDD6857C-A90D-870D-52FA-6C103E10030F}.Debug_Distribution|Windows.Build.0 = Debug_Distribution Windows|x64
		{BDD6857C-A90D-870D-52FA-6C103E10030F}.Release_Distribution|Windows.ActiveCfg = Release_Distribution Windows|x64
		{BDD6857C-A90D-870D-52FA-6C103E10030F}.Release_Distribution|Windows.Build.0 = Release_Distribution Windows|x64
		{C0FF640D-2C14-8DBE-F595-301E616989EF}.Debug_Development|Windows.ActiveCfg = Debug_Development Windows|x64
		{C0FF640D-2C14-8DBE-F595-301E616989EF}.Debug_Development|Windows.Build.0 = Debug_Development Windows|x64
		{C0FF640D-2C14-8DBE-F595-301E616989EF}.Debug_Distribution|Windows.ActiveCfg = Debug_Distribution Windows|x64
		{C0FF640D-2C14-8DBE-F595-301E616989EF}.Debug_Distribution|Windows.Build.0 = Debug_Distribution Windows|x64
		{C0FF640D-2C14-8DBE-F595-301E616989EF}.Release_Distribution|Windows.ActiveCfg = Release_Distribution Windows|x64
		{C0FF640D-2C14-8DBE-F595-301E616989EF}.Release_Distribution|Windows.Build.0 = Release_Distribution Windows|x64
		{CCA1B2BA-380C-6731-814A-18D7EDF34486}.Debug_Development|Windows.ActiveCfg = Debug_Development Windows|x64
		{CCA1B2BA-380C-6731-814A-18D7EDF34486}.Debug_Development|Windows.Build.0 = Debug_Development Windows|x64
		{CCA1B2BA-380C-6731-814A-18D7EDF34486}.Debug_Distribution|Windows.ActiveCfg = Debug_Distribution Windows|x64
		{CCA1B2BA-380C-6731-814A-18D7EDF34486}.Debug_Distribution|Windows.Build.0 = Debug_Distribution Windows|x64
		{CCA1B2BA-380C-6731-814A-18D7EDF34486}.Release_Distribution|Windows.ActiveCfg = Release_Distribution Windows|x64
		{CCA1B2BA-380C-6731-814A-18D7EDF34486}.Release_Distribution|Windows.Build.0 = Release_Distribution Windows|x64
		{09D6E609-758B-5FFF-FE7F-59D66A345603}.Debug_Development|Windows.ActiveCfg = Debug_Development Windows|x64
		{09D6E609-758B-5FFF-FE7F-59D66A345603}.Debug_Development|Windows.Build.0 = Debug_Development Windows|x64
		{09D6E609-758B-5FFF-FE7F-59D66A345603}.Debug_Distribution|Windows.ActiveCfg = Debug_Distribution Windows|x64
		{09D6E609-758B-5FFF-FE7F-59D66A345603}.Debug_Distribution|Windows.Build.0 = Debug_Distribution Windows|x64
		{09D6E609-758B-5FFF-FE7F-59D66A345603}.Release_Distribution|Windows.ActiveCfg = Release_Distribution Windows|x64
		{09D6E609-758B-5FFF-FE7F-59D66A345603}.Release_Distribution|Windows.Build.0 = Release_Distribution Windows|x64
		{9F27997C-8B5E-9A0D-344B-80102061160F}.Debug_Development|Windows.ActiveCfg = Debug_Development Windows|x64
		{9F27997C-8B5E-9A0D-344B-80102061160F}.Debug_Development|Windows.Build.0 = Debug_Development Windows|x64
		{9F27997C-8B5E-9A0D-344B-80102061160F}.Debug_Distribution|Windows.ActiveCfg = Debug_Distribution Windows|x64
		{9F27997C-8B5E-9A0D-344B-80102061160F}.Debug_Distribution|Windows.Build.0 = Debug_Distribution Windows|x64
		{9F27997C-8B5E-9A0D-344B-80102061160F}.Release_Distribution|Windows.ActiveCfg = Release_Distribution Windows|x64
		{9F27997C-8B5E-9A0D-344B-80102061160F}.Release_Distribution|Windows.Build.0 = Release_Distribution Windows|x64
		{6EAB880B-DAB4-887C-6330-9F7CCF38947C}.Debug_Development|Windows.ActiveCfg = Debug_Development Windows|x64
		{6EAB880B-DAB4-887C-6330-9F7CCF38947C}.Debug_Development|Windows.Build.0 = Debug_Development Windows|x64
		{6EAB880B-DAB4-887C-6330-9F7CCF38947C}.Debug_Distribution|Windows.ActiveCfg = Debug_Distribution Windows|x64
		{6EAB880B-DAB4-887C-6330-9F7CCF38947C}.Debug_Distribution|Windows.Build.0 = Debug_Distribution Windows|x64
		{6EAB880B-DAB4-887C-6330-9F7CCF38947C}.Release_Distribution|Windows.ActiveCfg = Release_Distribution Windows|x64
		{6EAB880B-DAB4-887C-6330-9F7CCF38947C}.Release_Distribution|Windows.Build.0 = Release_Distribution Windows|x64
		{7FA9857C-6BE0-860D-14CD-6C1000E3020F}.Debug_Development|Windows.ActiveCfg = Debug_Development Windows|x64
		{7FA9857C-6BE0-860D-14CD-6C1000E3020F}.Debug_Development|Windows.Build.0 = Debug_Development Windows|x64
		{7FA9857C-6BE0-860D-14CD-6C1000E3020F}.Debug_Distribution|Windows.ActiveCfg = Debug_Distribution Windows|x64
		{7FA9857C-6BE0-860D-14CD-6C1000E3020F}.Debug_Distribution|Windows.Build.0 = Debug_Distribution Windows|x64
		{7FA9857C-6BE0-860D-14CD-6C1000E3020F}.Release_Distribution|Windows.ActiveCfg = Release_Distribution Windows|x64
		{7FA9857C-6BE0-860D-14CD-6C1000E3020F}.Release_Distribution|Windows.Build.0 = Release_Distribution Windows|x64
		{473471B8-B317-80F8-BC1A-AE34287D4649}.Debug_Development|Windows.ActiveCfg = Debug_Development Windows|x64
		{473471B8-B317-80F8-BC1A-AE34287D4649}.Debug_Development|Windows.Build.0 = Debug_Development Windows|x64
		{473471B8-B317-80F8-BC1A-AE34287D4649}.Debug_Distribution|Windows.ActiveCfg = Debug_Distribution Windows|x64
		{473471B8-B317-80F8-BC1A-AE34287D4649}.Debug_Distribution|Windows.Build.0 = Debug_Distribution Windows|x64
		{473471B8-B317-80F8-BC1A-AE34287D4649}.Release_Distribution|Windows.ActiveCfg = Release_Distribution Windows|x64
		{473471B8-B317-80F8-BC1A-AE34287D4649}.Release_Distribution|Windows.Build.0 = Release_Distribution Windows|x64
	EndGlobalSection
	GlobalSection(SolutionProperties) = preSolution
		HideSolutionNode = FALSE
	EndGlobalSection
	GlobalSection(NestedProjects) = preSolution
		{69ED2050-55BA-7B5B-7ED3-69036AFFB0E9} = {53E47842-3FC8-3998-A828-34EB942B241A}
		{154B857C-0182-860D-AA6E-6C109684020F} = {53E47842-3FC8-3998-A828-34EB942B241A}
		{05EB870B-71F4-877C-FA6F-9E7C6678937C} = {53E47842-3FC8-3998-A828-34EB942B241A}
		{BDD6857C-A90D-870D-52FA-6C103E10030F} = {53E47842-3FC8-3998-A828-34EB942B241A}
		{C0FF640D-2C14-8DBE-F595-301E616989EF} = {53E47842-3FC8-3998-A828-34EB942B241A}
		{CCA1B2BA-380C-6731-814A-18D7EDF34486} = {53E47842-3FC8-3998-A828-34EB942B241A}
		{09D6E609-758B-5FFF-FE7F-59D66A345603} = {53E47842-3FC8-3998-A828-34EB942B241A}
		{9F27997C-8B5E-9A0D-344B-80102061160F} = {53E47842-3FC8-3998-A828-34EB942B241A}
		{6EAB880B-DAB4-887C-6330-9F7CCF38947C} = {53E47842-3FC8-3998-A828-34EB942B241A}
	EndGlobalSection
EndGlobal
