
Microsoft Visual Studio Solution File, Format Version 12.00
# Visual Studio Version 16
Project("{8BC9CEB8-8B4A-11D0-8D11-00A0C91BC942}") = "Ermine", "Ermine\Ermine.vcxproj", "{25741FB1-1116-4A87-FAD0-5DDBE611D1D7}"
EndProject
Project("{2150E333-8FDC-42A3-9474-1A3956D46DE8}") = "Dependencies", "Dependencies", "{53E47842-3FC8-3998-A828-34EB942B241A}"
EndProject
Project("{8BC9CEB8-8B4A-11D0-8D11-00A0C91BC942}") = "GLFW", "vendor\GLFW\GLFW.vcxproj", "{154B857C-0182-860D-AA6E-6C109684020F}"
EndProject
Project("{8BC9CEB8-8B4A-11D0-8D11-00A0C91BC942}") = "Glad", "vendor\Glad\Glad.vcxproj", "{BDD6857C-A90D-870D-52FA-6C103E10030F}"
EndProject
Global
	GlobalSection(SolutionConfigurationPlatforms) = preSolution
		Debug_Development|Windows = Debug_Development|Windows
		Debug_Distribution|Windows = Debug_Distribution|Windows
		Release_Distribution|Windows = Release_Distribution|Windows
	EndGlobalSection
	GlobalSection(ProjectConfigurationPlatforms) = postSolution
		{25741FB1-1116-4A87-FAD0-5DDBE611D1D7}.Debug_Development|Windows.ActiveCfg = Debug_Development Windows|x64
		{25741FB1-1116-4A87-FAD0-5DDBE611D1D7}.Debug_Development|Windows.Build.0 = Debug_Development Windows|x64
		{25741FB1-1116-4A87-FAD0-5DDBE611D1D7}.Debug_Distribution|Windows.ActiveCfg = Debug_Distribution Windows|x64
		{25741FB1-1116-4A87-FAD0-5DDBE611D1D7}.Debug_Distribution|Windows.Build.0 = Debug_Distribution Windows|x64
		{25741FB1-1116-4A87-FAD0-5DDBE611D1D7}.Release_Distribution|Windows.ActiveCfg = Release_Distribution Windows|x64
		{25741FB1-1116-4A87-FAD0-5DDBE611D1D7}.Release_Distribution|Windows.Build.0 = Release_Distribution Windows|x64
		{154B857C-0182-860D-AA6E-6C109684020F}.Debug_Development|Windows.ActiveCfg = Debug_Development Windows|x64
		{154B857C-0182-860D-AA6E-6C109684020F}.Debug_Development|Windows.Build.0 = Debug_Development Windows|x64
		{154B857C-0182-860D-AA6E-6C109684020F}.Debug_Distribution|Windows.ActiveCfg = Debug_Distribution Windows|x64
		{154B857C-0182-860D-AA6E-6C109684020F}.Debug_Distribution|Windows.Build.0 = Debug_Distribution Windows|x64
		{154B857C-0182-860D-AA6E-6C109684020F}.Release_Distribution|Windows.ActiveCfg = Release_Distribution Windows|x64
		{154B857C-0182-860D-AA6E-6C109684020F}.Release_Distribution|Windows.Build.0 = Release_Distribution Windows|x64
		{BDD6857C-A90D-870D-52FA-6C103E10030F}.Debug_Development|Windows.ActiveCfg = Debug_Development Windows|x64
		{BDD6857C-A90D-870D-52FA-6C103E10030F}.Debug_Development|Windows.Build.0 = Debug_Development Windows|x64
		{BDD6857C-A90D-870D-52FA-6C103E10030F}.Debug_Distribution|Windows.ActiveCfg = Debug_Distribution Windows|x64
		{BDD6857C-A90D-870D-52FA-6C103E10030F}.Debug_Distribution|Windows.Build.0 = Debug_Distribution Windows|x64
		{BDD6857C-A90D-870D-52FA-6C103E10030F}.Release_Distribution|Windows.ActiveCfg = Release_Distribution Windows|x64
		{BDD6857C-A90D-870D-52FA-6C103E10030F}.Release_Distribution|Windows.Build.0 = Release_Distribution Windows|x64
	EndGlobalSection
	GlobalSection(SolutionProperties) = preSolution
		HideSolutionNode = FALSE
	EndGlobalSection
	GlobalSection(NestedProjects) = preSolution
		{154B857C-0182-860D-AA6E-6C109684020F} = {53E47842-3FC8-3998-A828-34EB942B241A}
		{BDD6857C-A90D-870D-52FA-6C103E10030F} = {53E47842-3FC8-3998-A828-34EB942B241A}
	EndGlobalSection
EndGlobal
